# THIS IS AN AUTOGENERATED FILE. DO NOT EDIT THIS FILE DIRECTLY.
# yarn lockfile v1


"@bufbuild/protobuf@^2.5.0":
  version "2.12.0"
  resolved "https://registry.yarnpkg.com/@bufbuild/protobuf/-/protobuf-2.12.0.tgz#53225636a8fcebb2bd94998ad9d42f99f96add4d"
  integrity sha512-B/XlCaFIP8LOwzo+bz5uFzATYokcwCKQcghqnlfwSmM5eX/qTkvDBnDPs+gXtX/RyjxJ4DRikECcPJbyALA8FA==

"@emnapi/core@1.10.0":
  version "1.10.0"
  resolved "https://registry.yarnpkg.com/@emnapi/core/-/core-1.10.0.tgz#380ccc8f2412ea22d1d972df7f8ee23a3b9c7467"
  integrity sha512-yq6OkJ4p82CAfPl0u9mQebQHKPJkY7WrIuk205cTYnYe+k2Z8YBh11FrbRG/H6ihirqcacOgl2BIO8oyMQLeXw==
  dependencies:
    "@emnapi/wasi-threads" "1.2.1"
    tslib "^2.4.0"

"@emnapi/runtime@1.10.0":
  version "1.10.0"
  resolved "https://registry.yarnpkg.com/@emnapi/runtime/-/runtime-1.10.0.tgz#4b260c0d3534204e98c6110b8db1a987d26ec87c"
  integrity sha512-ewvYlk86xUoGI0zQRNq/mC+16R1QeDlKQy21Ki3oSYXNgLb45GV1P6A0M+/s6nyCuNDqe5VpaY84BzXGwVbwFA==
  dependencies:
    tslib "^2.4.0"

"@emnapi/wasi-threads@1.2.1":
  version "1.2.1"
  resolved "https://registry.yarnpkg.com/@emnapi/wasi-threads/-/wasi-threads-1.2.1.tgz#28fed21a1ba1ce797c44a070abc94d42f3ae8548"
  integrity sha512-uTII7OYF+/Mes/MrcIOYp5yOtSMLBWSIoLPpcgwipoiKbli6k322tcoFsxoIIxPDqW01SQGAgko4EzZi2BNv2w==
  dependencies:
    tslib "^2.4.0"

"@github/auto-check-element@^6.0.0":
  version "6.0.0"
  resolved "https://registry.yarnpkg.com/@github/auto-check-element/-/auto-check-element-6.0.0.tgz#4baa1750599532c8ab79877c69ab677a0a5c411c"
  integrity sha512-87mHEywJEtlG/37zFrx4PUgDqczgtv9jrauW3IojNy9y+nALIAm6e2jnWpfgcqeMWSevzph2M6reJoHpuSjyWw==
  dependencies:
    "@github/mini-throttle" "^2.1.0"

"@github/auto-complete-element@^3.8.0":
  version "3.8.0"
  resolved "https://registry.yarnpkg.com/@github/auto-complete-element/-/auto-complete-element-3.8.0.tgz#8be0480b8412ffb4fb71b54a68513c5e29693d86"
  integrity sha512-rS2Uj38V1BsenLvrIswV5IXfiYH2/KUhz6inot+JXho/fFOO+01tsW1HxqSdIXqh5EDuoY0f/GQsztZcH22AXQ==
  dependencies:
    "@github/combobox-nav" "^2.1.7"

"@github/catalyst@^1.6.0":
  version "1.8.1"
  resolved "https://registry.yarnpkg.com/@github/catalyst/-/catalyst-1.8.1.tgz#f36099b6d4c6283aa1264e28c9dd2d849d54ad76"
  integrity sha512-dnN4WWpbeuQvA17LvsGdlXEueJdBk9y+I+WO5pdNpoHNOXPsFcz3hJrq1iRmdsNgQOf4S8e83axtwIxvG62eWA==

"@github/clipboard-copy-element@^1.3.0":
  version "1.3.0"
  resolved "https://registry.yarnpkg.com/@github/clipboard-copy-element/-/clipboard-copy-element-1.3.0.tgz#d518d2aadb677c5c9560a54d7fd4b0d3abf00a9b"
  integrity sha512-wyntkQkwoLbLo+Hqg2LIVMXDIzcvUb9bSDz+clX6nVJItwzh103rHxdXFRZD+DmxVbuEW5xSznYQXkz1jZT+xg==

"@github/combobox-nav@^2.1.7":
  version "2.3.1"
  resolved "https://registry.yarnpkg.com/@github/combobox-nav/-/combobox-nav-2.3.1.tgz#76da4c47f1e33af56392c5c9cf661a28d5b4168e"
  integrity sha512-gwxPzLw8XKecy1nP63i9lOBritS3bWmxl02UX6G0TwMQZbMem1BCS1tEZgYd3mkrkiDrUMWaX+DbFCuDFo3K+A==

"@github/details-menu-element@^1.0.12":
  version "1.0.13"
  resolved "https://registry.yarnpkg.com/@github/details-menu-element/-/details-menu-element-1.0.13.tgz#d62263077b16bc7edc386e7b23f0ce41af1301b4"
  integrity sha512-gMkii86w/oUP5dq8yOWZn1sgbgtFj3AYETxxtpsqRggZktgd8te4+npAn4Hm+936c/lxmEzXqfjARL/CzGR4+w==

"@github/image-crop-element@^5.0.0":
  version "5.0.0"
  resolved "https://registry.yarnpkg.com/@github/image-crop-element/-/image-crop-element-5.0.0.tgz#6ae2c31f1e7dc355c41c3140554fb76ca7a71ef7"
  integrity sha512-Vgm2OwWAs1ESoib/t5sjxsAYo6YTOxxAjWDRxswX7qrqoyCejTZ3hshdo4Ep5e+Mz/GVTZC3rdMtg06dk/eT4g==

"@github/include-fragment-element@^6.3.0":
  version "6.4.1"
  resolved "https://registry.yarnpkg.com/@github/include-fragment-element/-/include-fragment-element-6.4.1.tgz#fb20bfa9b0655a5d894fd40ec5faafcddc8db80c"
  integrity sha512-ffgXc7qwBtY/rYcMkAjxZJlyOPFaeC9K1Oc+n7Edwt3BAHPokUSdMfDivb+/dGO+NU2n7l1/L4v5uQN+wBeV4g==

"@github/mini-throttle@^2.1.0":
  version "2.1.1"
  resolved "https://registry.yarnpkg.com/@github/mini-throttle/-/mini-throttle-2.1.1.tgz#c66db5c3b857aaf8c467de2528cd92f36f542ac5"
  integrity sha512-KtOPaB+FiKJ6jcKm9UKyaM5fPURHGf+xcp+b4Mzoi81hOc6M1sIGpMZMAVbNzfa2lW5+RPGKq888Px0j76OZ/A==

"@github/relative-time-element@^4.0.0":
  version "4.5.1"
  resolved "https://registry.yarnpkg.com/@github/relative-time-element/-/relative-time-element-4.5.1.tgz#66a9ba300b03982950d75f417f3f2ad27236bffb"
  integrity sha512-uxCxCwe9vdwUDmRmM84tN0UERlj8MosLV44+r/VDj7DZUVUSTP4vyWlE9mRK6vHelOmT8DS3RMlaMrLlg1h1PQ==

"@github/remote-input-element@^0.4.0":
  version "0.4.0"
  resolved "https://registry.yarnpkg.com/@github/remote-input-element/-/remote-input-element-0.4.0.tgz#76956e82342d5887b68f3fe7ce8c20ff1f55181b"
  integrity sha512-apsMwsFW24F+w2wzT8oKoBi9lpm6GeFOmtuL+1YwDVmIiwixfHOD3MnEsEOv0RwmHsMdWmIjP9mxWyTWPKZHGg==

"@github/tab-container-element@^3.1.2":
  version "3.4.0"
  resolved "https://registry.yarnpkg.com/@github/tab-container-element/-/tab-container-element-3.4.0.tgz#0a167ed81c9f4a1c1c79f0d0a6a8c012c49a6147"
  integrity sha512-Yx70pO8A0p7Stnm9knKkUNX8i4bjuwDYZarRkM8JH0Z+ffhpe++oNAPbzGI9GEcGugRHvKuSC6p4YOdoHtTniQ==

"@hotwired/turbo@^8.0.22":
  version "8.0.23"
  resolved "https://registry.yarnpkg.com/@hotwired/turbo/-/turbo-8.0.23.tgz#a6eebc9ab4a5faadae265a4cbec8cfcb5731e77c"
  integrity sha512-GZ7cijxEZ6Ig71u7rD6LHaRv/wcE/hNsc+nEfiWOkLNqUgLOwo5MNGWOy5ZV9ZUDSiQx1no7YxjTNnT4O6//cQ==

"@lit-labs/ssr-dom-shim@^1.2.1":
  version "1.6.0"
  resolved "https://registry.yarnpkg.com/@lit-labs/ssr-dom-shim/-/ssr-dom-shim-1.6.0.tgz#693e129b809741fd23e98fcb57e41fd3d082db1a"
  integrity sha512-VHb0ALPMTlgKjM6yIxxoQNnpKyUKLD04VzeQdsiXkMqkvYlAHxq9glGLmgbb889/1GsohSOAjvQYoiBppXFqrQ==

"@napi-rs/wasm-runtime@^1.1.4":
  version "1.1.4"
  resolved "https://registry.yarnpkg.com/@napi-rs/wasm-runtime/-/wasm-runtime-1.1.4.tgz#a46bbfedc29751b7170c5d23bc1d8ee8c7e3c1e1"
  integrity sha512-3NQNNgA1YSlJb/kMH1ildASP9HW7/7kYnRI2szWJaofaS1hWmbGI4H+d3+22aGzXXN9IJ+n+GiFVcGipJP18ow==
  dependencies:
    "@tybys/wasm-util" "^0.10.1"

"@oddbird/popover-polyfill@^0.5.2":
  version "0.5.2"
  resolved "https://registry.yarnpkg.com/@oddbird/popover-polyfill/-/popover-polyfill-0.5.2.tgz#9a142cae54b6e48824bec61e94e39541c9746b69"
  integrity sha512-iFrvar5SOMtKFOSjYvs4z9UlLqDdJbMx0mgISLcPedv+g0ac5sgeETLGtipHCVIae6HJPclNEH5aCyD1RZaEHw==

"@oxc-project/types@=0.132.0":
  version "0.132.0"
  resolved "https://registry.yarnpkg.com/@oxc-project/types/-/types-0.132.0.tgz#d77243df4fe1a0a1e60e12ac6240fa898d2363ff"
  integrity sha512-FESMOxil5Se014ui/Eq8fT5uHJo6nIRwH0PfJrZJXs6Gek3ZVFOrpUv3YIZT20m+extU98Hg1Ym72U58rlsxUQ==

"@parcel/watcher-android-arm64@2.5.6":
  version "2.5.6"
  resolved "https://registry.yarnpkg.com/@parcel/watcher-android-arm64/-/watcher-android-arm64-2.5.6.tgz#5f32e0dba356f4ac9a11068d2a5c134ca3ba6564"
  integrity sha512-YQxSS34tPF/6ZG7r/Ih9xy+kP/WwediEUsqmtf0cuCV5TPPKw/PQHRhueUo6JdeFJaqV3pyjm0GdYjZotbRt/A==

"@parcel/watcher-darwin-arm64@2.5.6":
  version "2.5.6"
  resolved "https://registry.yarnpkg.com/@parcel/watcher-darwin-arm64/-/watcher-darwin-arm64-2.5.6.tgz#88d3e720b59b1eceffce98dac46d7c40e8be5e8e"
  integrity sha512-Z2ZdrnwyXvvvdtRHLmM4knydIdU9adO3D4n/0cVipF3rRiwP+3/sfzpAwA/qKFL6i1ModaabkU7IbpeMBgiVEA==

"@parcel/watcher-darwin-x64@2.5.6":
  version "2.5.6"
  resolved "https://registry.yarnpkg.com/@parcel/watcher-darwin-x64/-/watcher-darwin-x64-2.5.6.tgz#bf05d76a78bc15974f15ec3671848698b0838063"
  integrity sha512-HgvOf3W9dhithcwOWX9uDZyn1lW9R+7tPZ4sug+NGrGIo4Rk1hAXLEbcH1TQSqxts0NYXXlOWqVpvS1SFS4fRg==

"@parcel/watcher-freebsd-x64@2.5.6":
  version "2.5.6"
  resolved "https://registry.yarnpkg.com/@parcel/watcher-freebsd-x64/-/watcher-freebsd-x64-2.5.6.tgz#8bc26e9848e7303ac82922a5ae1b1ef1bdb48a53"
  integrity sha512-vJVi8yd/qzJxEKHkeemh7w3YAn6RJCtYlE4HPMoVnCpIXEzSrxErBW5SJBgKLbXU3WdIpkjBTeUNtyBVn8TRng==

"@parcel/watcher-linux-arm-glibc@2.5.6":
  version "2.5.6"
  resolved "https://registry.yarnpkg.com/@parcel/watcher-linux-arm-glibc/-/watcher-linux-arm-glibc-2.5.6.tgz#1328fee1deb0c2d7865079ef53a2ba4cc2f8b40a"
  integrity sha512-9JiYfB6h6BgV50CCfasfLf/uvOcJskMSwcdH1PHH9rvS1IrNy8zad6IUVPVUfmXr+u+Km9IxcfMLzgdOudz9EQ==

"@parcel/watcher-linux-arm-musl@2.5.6":
  version "2.5.6"
  resolved "https://registry.yarnpkg.com/@parcel/watcher-linux-arm-musl/-/watcher-linux-arm-musl-2.5.6.tgz#bad0f45cb3e2157746db8b9d22db6a125711f152"
  integrity sha512-Ve3gUCG57nuUUSyjBq/MAM0CzArtuIOxsBdQ+ftz6ho8n7s1i9E1Nmk/xmP323r2YL0SONs1EuwqBp2u1k5fxg==

"@parcel/watcher-linux-arm64-glibc@2.5.6":
  version "2.5.6"
  resolved "https://registry.yarnpkg.com/@parcel/watcher-linux-arm64-glibc/-/watcher-linux-arm64-glibc-2.5.6.tgz#b75913fbd501d9523c5f35d420957bf7d0204809"
  integrity sha512-f2g/DT3NhGPdBmMWYoxixqYr3v/UXcmLOYy16Bx0TM20Tchduwr4EaCbmxh1321TABqPGDpS8D/ggOTaljijOA==

"@parcel/watcher-linux-arm64-musl@2.5.6":
  version "2.5.6"
  resolved "https://registry.yarnpkg.com/@parcel/watcher-linux-arm64-musl/-/watcher-linux-arm64-musl-2.5.6.tgz#da5621a6a576070c8c0de60dea8b46dc9c3827d4"
  integrity sha512-qb6naMDGlbCwdhLj6hgoVKJl2odL34z2sqkC7Z6kzir8b5W65WYDpLB6R06KabvZdgoHI/zxke4b3zR0wAbDTA==

"@parcel/watcher-linux-x64-glibc@2.5.6":
  version "2.5.6"
  resolved "https://registry.yarnpkg.com/@parcel/watcher-linux-x64-glibc/-/watcher-linux-x64-glibc-2.5.6.tgz#ce437accdc4b30f93a090b4a221fd95cd9b89639"
  integrity sha512-kbT5wvNQlx7NaGjzPFu8nVIW1rWqV780O7ZtkjuWaPUgpv2NMFpjYERVi0UYj1msZNyCzGlaCWEtzc+exjMGbQ==

"@parcel/watcher-linux-x64-musl@2.5.6":
  version "2.5.6"
  resolved "https://registry.yarnpkg.com/@parcel/watcher-linux-x64-musl/-/watcher-linux-x64-musl-2.5.6.tgz#02400c54b4a67efcc7e2327b249711920ac969e2"
  integrity sha512-1JRFeC+h7RdXwldHzTsmdtYR/Ku8SylLgTU/reMuqdVD7CtLwf0VR1FqeprZ0eHQkO0vqsbvFLXUmYm/uNKJBg==

"@parcel/watcher-win32-arm64@2.5.6":
  version "2.5.6"
  resolved "https://registry.yarnpkg.com/@parcel/watcher-win32-arm64/-/watcher-win32-arm64-2.5.6.tgz#caae3d3c7583ca0a7171e6bd142c34d20ea1691e"
  integrity sha512-3ukyebjc6eGlw9yRt678DxVF7rjXatWiHvTXqphZLvo7aC5NdEgFufVwjFfY51ijYEWpXbqF5jtrK275z52D4Q==

"@parcel/watcher-win32-ia32@2.5.6":
  version "2.5.6"
  resolved "https://registry.yarnpkg.com/@parcel/watcher-win32-ia32/-/watcher-win32-ia32-2.5.6.tgz#9ac922550896dfe47bfc5ae3be4f1bcaf8155d6d"
  integrity sha512-k35yLp1ZMwwee3Ez/pxBi5cf4AoBKYXj00CZ80jUz5h8prpiaQsiRPKQMxoLstNuqe2vR4RNPEAEcjEFzhEz/g==

"@parcel/watcher-win32-x64@2.5.6":
  version "2.5.6"
  resolved "https://registry.yarnpkg.com/@parcel/watcher-win32-x64/-/watcher-win32-x64-2.5.6.tgz#73fdafba2e21c448f0e456bbe13178d8fe11739d"
  integrity sha512-hbQlYcCq5dlAX9Qx+kFb0FHue6vbjlf0FrNzSKdYK2APUf7tGfGxQCk2ihEREmbR6ZMc0MVAD5RIX/41gpUzTw==

"@parcel/watcher@^2.4.1":
  version "2.5.6"
  resolved "https://registry.yarnpkg.com/@parcel/watcher/-/watcher-2.5.6.tgz#3f932828c894f06d0ad9cfefade1756ecc6ef1f1"
  integrity sha512-tmmZ3lQxAe/k/+rNnXQRawJ4NjxO2hqiOLTHvWchtGZULp4RyFeh6aU4XdOYBFe2KE1oShQTv4AblOs2iOrNnQ==
  dependencies:
    detect-libc "^2.0.3"
    is-glob "^4.0.3"
    node-addon-api "^7.0.0"
    picomatch "^4.0.3"
  optionalDependencies:
    "@parcel/watcher-android-arm64" "2.5.6"
    "@parcel/watcher-darwin-arm64" "2.5.6"
    "@parcel/watcher-darwin-x64" "2.5.6"
    "@parcel/watcher-freebsd-x64" "2.5.6"
    "@parcel/watcher-linux-arm-glibc" "2.5.6"
    "@parcel/watcher-linux-arm-musl" "2.5.6"
    "@parcel/watcher-linux-arm64-glibc" "2.5.6"
    "@parcel/watcher-linux-arm64-musl" "2.5.6"
    "@parcel/watcher-linux-x64-glibc" "2.5.6"
    "@parcel/watcher-linux-x64-musl" "2.5.6"
    "@parcel/watcher-win32-arm64" "2.5.6"
    "@parcel/watcher-win32-ia32" "2.5.6"
    "@parcel/watcher-win32-x64" "2.5.6"

"@primer/behaviors@^1.3.4":
  version "1.10.3"
  resolved "https://registry.yarnpkg.com/@primer/behaviors/-/behaviors-1.10.3.tgz#fd3346b23fb5e15e4ce60590b35d750aaaea6168"
  integrity sha512-cxxWDeR5IE7vdL0Ca0RAAAuPVrU+Bo8CSP1WfawGo4rEP1sZTi7hwl5i7TT0jCTCR0C9IfnQBfSPAkz0oznxUw==

"@primer/css@^22.1.0":
  version "22.2.0"
  resolved "https://registry.yarnpkg.com/@primer/css/-/css-22.2.0.tgz#e93fbf516815a0c23906a71bed2fd2d9abea4e93"
  integrity sha512-bvvuanbhrH+K7c/yKAcSECXBNvKa8LAE9KJ+FaqcQSI1rWucpduB/7gx4Ut6BYSD0qJdgUfgczpJ8vYt8fxTlg==

"@primer/live-region-element@^0.8.0":
  version "0.8.0"
  resolved "https://registry.yarnpkg.com/@primer/live-region-element/-/live-region-element-0.8.0.tgz#79f8a5824a7762d26eb86789962de54e5c295dee"
  integrity sha512-DIp04IeZvZ+gwCUcBchIvRwJA2PikP/6hnFhcLKgwttcg5OYjBH9t0cZjLnv10Aq1jN0rAFFG+WPMd3bw4hXcA==
  dependencies:
    "@lit-labs/ssr-dom-shim" "^1.2.1"

"@primer/primitives@^11.3.2":
  version "11.9.0"
  resolved "https://registry.yarnpkg.com/@primer/primitives/-/primitives-11.9.0.tgz#ef6d015e5bdb9e3d6b2171417b22fe7c37960baa"
  integrity sha512-yESOalhd7s7S3unV1V32v3Z0RszXiiz6pzy6hVI9xpdTh1q1Gt8vyDFxRlqIvuwc5ZaO1+gYQTDbjxb4nWBzMw==

"@primer/view-components@^0.49.0":
  version "0.49.0"
  resolved "https://registry.yarnpkg.com/@primer/view-components/-/view-components-0.49.0.tgz#8b913ba790f92f4a55f46f1391d2700e2842c187"
  integrity sha512-6JTIxvdofczvXDG82OjXzsumTqzC5UIU7EXQ79G4O2nEAxDreZ45x39jj3BHj+4wiO7BCdYCe9YsuD3AyvDPzQ==
  dependencies:
    "@github/auto-check-element" "^6.0.0"
    "@github/auto-complete-element" "^3.8.0"
    "@github/catalyst" "^1.6.0"
    "@github/clipboard-copy-element" "^1.3.0"
    "@github/details-menu-element" "^1.0.12"
    "@github/image-crop-element" "^5.0.0"
    "@github/include-fragment-element" "^6.3.0"
    "@github/relative-time-element" "^4.0.0"
    "@github/remote-input-element" "^0.4.0"
    "@github/tab-container-element" "^3.1.2"
    "@oddbird/popover-polyfill" "^0.5.2"
    "@primer/behaviors" "^1.3.4"
    "@primer/live-region-element" "^0.8.0"

"@rails/ujs@^7.1.3-4":
  version "7.1.3-4"
  resolved "https://registry.yarnpkg.com/@rails/ujs/-/ujs-7.1.3-4.tgz#1dddea99d5c042e8513973ea709b2cb7e840dc2d"
  integrity sha512-z0ckI5jrAJfImcObjMT1RBz2IxH6I5q6ZTMFex6AfxSQKZuuL8JxAXvg2CvBuodGCxKvybFVolDyMHXlBLeYAA==

"@rolldown/binding-android-arm64@1.0.2":
  version "1.0.2"
  resolved "https://registry.yarnpkg.com/@rolldown/binding-android-arm64/-/binding-android-arm64-1.0.2.tgz#ebe1264e43ba5bb224c58c85e0ac238f87e5ad14"
  integrity sha512-ZS4D1JPGn/MYQN/SYDWftIE/nVsM8j/AFOYEzAoOE2O3NktQOZru+/vYXGbR/qtdLdIfGCP0lcoJiYVzsEz+iQ==

"@rolldown/binding-darwin-arm64@1.0.2":
  version "1.0.2"
  resolved "https://registry.yarnpkg.com/@rolldown/binding-darwin-arm64/-/binding-darwin-arm64-1.0.2.tgz#f972fb71bc03840629bee923babbb7048d14a5d0"
  integrity sha512-vdFA9+C/rekyGce7WqHs/xoT0ioZEWaOFyZLIV1mEeNFaFDUQrPIo8Vs2GvJ6eetb3rzDUtUBgzto3ExpXJB3w==

"@rolldown/binding-darwin-x64@1.0.2":
  version "1.0.2"
  resolved "https://registry.yarnpkg.com/@rolldown/binding-darwin-x64/-/binding-darwin-x64-1.0.2.tgz#da1c062c135e1e50067084be5ab8055cc1e05b29"
  integrity sha512-BewSOwTHazv77DTYiAZXSqqKZ4KP/KonFisDMVU7PImxoWfB2aepnPhd2E4SWz3zDzYgDNbs6jBmTdgNnF02GA==

"@rolldown/binding-freebsd-x64@1.0.2":
  version "1.0.2"
  resolved "https://registry.yarnpkg.com/@rolldown/binding-freebsd-x64/-/binding-freebsd-x64-1.0.2.tgz#a4c8532072705ce597c0d75418513709b75b3f1d"
  integrity sha512-m41o7M0YWtUdqk61Tb+jnKb2rN++iRdIASlExkUoKfIAH30DOHCB8fVLzSUpbWHHU8esmEioY62PxzexE8MBuA==

"@rolldown/binding-linux-arm-gnueabihf@1.0.2":
  version "1.0.2"
  resolved "https://registry.yarnpkg.com/@rolldown/binding-linux-arm-gnueabihf/-/binding-linux-arm-gnueabihf-1.0.2.tgz#78f3bd274a1bab07356017d728b70289f04011c1"
  integrity sha512-jcojB9H7W/jS29pMKWAK1N+fU99vXodHDTatS3b3y/XSOCiHo0kkA74pL3jJmkoQtYpOCxDvaKs1fo2Ij/1X5w==

"@rolldown/binding-linux-arm64-gnu@1.0.2":
  version "1.0.2"
  resolved "https://registry.yarnpkg.com/@rolldown/binding-linux-arm64-gnu/-/binding-linux-arm64-gnu-1.0.2.tgz#4dc530aed0b554762ffc1a5e4f016b8be495eea0"
  integrity sha512-1jn6qDU5iiOgFgygDzKUuKP0maTi0/f1+sBLgvij/76C77Nm3ts6ufz9Bjg5q5dduxiUIxtq86JIoBvo1xQ4Ig==

"@rolldown/binding-linux-arm64-musl@1.0.2":
  version "1.0.2"
  resolved "https://registry.yarnpkg.com/@rolldown/binding-linux-arm64-musl/-/binding-linux-arm64-musl-1.0.2.tgz#56043cdf4768ea3184bb08a3f45b24f183003877"
  integrity sha512-QVLO/czFMdoMFSqlX3bcswcJNm/23r+qoa/jgtmFc/qEp6/jXmIkDjF/XIo8dPfGaiwy1xfQn8o77L79GeXFgw==

"@rolldown/binding-linux-ppc64-gnu@1.0.2":
  version "1.0.2"
  resolved "https://registry.yarnpkg.com/@rolldown/binding-linux-ppc64-gnu/-/binding-linux-ppc64-gnu-1.0.2.tgz#92eba998d5cd9e4cfc8b95407b4b80f46dacadf4"
  integrity sha512-hgO5Abm0w5UL6FEa2iFnZqo2KlK7TQ5QhV5x09hujBf7t5KzHQ1VmfPuTpqRy/rNlSxua3eWH374xxiVrP+lcA==

"@rolldown/binding-linux-s390x-gnu@1.0.2":
  version "1.0.2"
  resolved "https://registry.yarnpkg.com/@rolldown/binding-linux-s390x-gnu/-/binding-linux-s390x-gnu-1.0.2.tgz#50b0e95dc3c22af1ecd1669ad7e6030e6860819e"
  integrity sha512-fy8rXxuYEu602abC8MUNaPjYLIFzReOaEIEMKMUa0rFEUxNpVXhs15KSSQ4qlqSaM7B6rcj9rDZgADh/IGDzLQ==

"@rolldown/binding-linux-x64-gnu@1.0.2":
  version "1.0.2"
  resolved "https://registry.yarnpkg.com/@rolldown/binding-linux-x64-gnu/-/binding-linux-x64-gnu-1.0.2.tgz#d9fd5af004a373a2d26a09ce8fb66bd0927cbc0b"
  integrity sha512-0+bOkiQ779+r1WpoHOWHqncvyySci0vKph+myNDYb+im6meJAzHQXay6oEgnkHuUGouM1LKTZwqKpBow6Kj7CQ==

"@rolldown/binding-linux-x64-musl@1.0.2":
  version "1.0.2"
  resolved "https://registry.yarnpkg.com/@rolldown/binding-linux-x64-musl/-/binding-linux-x64-musl-1.0.2.tgz#c0ad80adf4d4df430d0ec309e97924db85065c3c"
  integrity sha512-mjSkrzZK5Qsl0a9d1JgILOiuZOSDTVdKENcSXBoqbzSrspLR/4/IRVDo5wd2GgZjNss/viBFJdeq+j7qH2nypw==

"@rolldown/binding-openharmony-arm64@1.0.2":
  version "1.0.2"
  resolved "https://registry.yarnpkg.com/@rolldown/binding-openharmony-arm64/-/binding-openharmony-arm64-1.0.2.tgz#341fc254ef7759f865bb219beb5cea6f5c9a44f6"
  integrity sha512-1v5vHasdfQAZoEHakBV72LIFAC9JjnymsiKxp+GEr/ma3+NJCPSaYK+qavInOovJkgwFrs7GccX2d6IgDA3Z5w==

"@rolldown/binding-wasm32-wasi@1.0.2":
  version "1.0.2"
  resolved "https://registry.yarnpkg.com/@rolldown/binding-wasm32-wasi/-/binding-wasm32-wasi-1.0.2.tgz#65f9389f74168fd54e67b12d0630fb90348051f0"
  integrity sha512-mb1VobWn6NheziTk5/WEaR6AKVbrwT5sOi6C7zk3gy/pD1qtJfU1j4PgTo2NJnOtbL9Dl3Aeei8w9jJ7qC2jZQ==
  dependencies:
    "@emnapi/core" "1.10.0"
    "@emnapi/runtime" "1.10.0"
    "@napi-rs/wasm-runtime" "^1.1.4"

"@rolldown/binding-win32-arm64-msvc@1.0.2":
  version "1.0.2"
  resolved "https://registry.yarnpkg.com/@rolldown/binding-win32-arm64-msvc/-/binding-win32-arm64-msvc-1.0.2.tgz#17e80f3402308f12c76ff4172768d51715b522ac"
  integrity sha512-SqKonF56vA/L2yHwHYcEp2P34URpOZ7d1fS635cTkpDnUtEGdUbhI6NzsPdqeSWvAAeGDrxjWjNmibDIdFf9/A==

"@rolldown/binding-win32-x64-msvc@1.0.2":
  version "1.0.2"
  resolved "https://registry.yarnpkg.com/@rolldown/binding-win32-x64-msvc/-/binding-win32-x64-msvc-1.0.2.tgz#875cfa37f26d11692dbe28b8331499c97aa99d1f"
  integrity sha512-v7qRI7gXLRINcOGXt+7YmAZ6iFuyZVMIoXAxhd8oP+DR9dLfL9GfNIx7PLMxmhZdvq8waUJBQiWN9EKNy+TRBQ==

"@rolldown/pluginutils@^1.0.0":
  version "1.0.1"
  resolved "https://registry.yarnpkg.com/@rolldown/pluginutils/-/pluginutils-1.0.1.tgz#e3fcee093fbb5ce765e1ad088ff4de2889f6f9be"
  integrity sha512-2j9bGt5Jh8hj+vPtgzPtl72j0yRxHAyumoo6TNfAjsLB04UtpSvPbPcDcBMxz7n+9CYB0c1GxQFxYRg2jimqGw==

"@tybys/wasm-util@^0.10.1":
  version "0.10.2"
  resolved "https://registry.yarnpkg.com/@tybys/wasm-util/-/wasm-util-0.10.2.tgz#12b3a1b33db1f9cad4ddff1f604ab7dd00bf464e"
  integrity sha512-RoBvJ2X0wuKlWFIjrwffGw1IqZHKQqzIchKaadZZfnNpsAYp2mM0h36JtPCjNDAHGgYez/15uMBpfGwchhiMgg==
  dependencies:
    tslib "^2.4.0"

chokidar@^5.0.0:
  version "5.0.0"
  resolved "https://registry.yarnpkg.com/chokidar/-/chokidar-5.0.0.tgz#949c126a9238a80792be9a0265934f098af369a5"
  integrity sha512-TQMmc3w+5AxjpL8iIiwebF73dRDF4fBIieAqGn9RGCWaEVwQ6Fb2cGe31Yns0RRIzii5goJ1Y7xbMwo1TxMplw==
  dependencies:
    readdirp "^5.0.0"

colorjs.io@^0.5.0:
  version "0.5.2"
  resolved "https://registry.yarnpkg.com/colorjs.io/-/colorjs.io-0.5.2.tgz#63b20139b007591ebc3359932bef84628eb3fcef"
  integrity sha512-twmVoizEW7ylZSN32OgKdXRmo1qg+wT5/6C3xu5b9QsWzSFAhHLn2xd8ro0diCsKfCj1RdaTP/nrcW+vAoQPIw==

detect-libc@^2.0.3:
  version "2.1.2"
  resolved "https://registry.yarnpkg.com/detect-libc/-/detect-libc-2.1.2.tgz#689c5dcdc1900ef5583a4cb9f6d7b473742074ad"
  integrity sha512-Btj2BOOO83o3WyH59e8MgXsxEQVcarkUOpEYrubB0urwnN10yQ364rsiByU11nZlqWYZm05i/of7io4mzihBtQ==

fdir@^6.5.0:
  version "6.5.0"
  resolved "https://registry.yarnpkg.com/fdir/-/fdir-6.5.0.tgz#ed2ab967a331ade62f18d077dae192684d50d350"
  integrity sha512-tIbYtZbucOs0BRGqPJkshJUYdL+SDH7dVM8gjy+ERp3WAUjLEFJE+02kanyHtwjWOnwrKYBiwAmM0p4kLJAnXg==

fsevents@~2.3.3:
  version "2.3.3"
  resolved "https://registry.yarnpkg.com/fsevents/-/fsevents-2.3.3.tgz#cac6407785d03675a2a5e1a5305c697b347d90d6"
  integrity sha512-5xoDfX+fL7faATnagmWPpbFtwh/R77WmMMqqHGS65C3vvB0YHrgF+B1YmZ3441tMj5n63k0212XNoJwzlhffQw==

has-flag@^4.0.0:
  version "4.0.0"
  resolved "https://registry.yarnpkg.com/has-flag/-/has-flag-4.0.0.tgz#944771fd9c81c81265c4d6941860da06bb59479b"
  integrity sha512-EykJT/Q1KjTWctppgIAgfSO0tKVuZUjhgMr17kqTumMl6Afv3EISleU7qZUzoXDFTAHTDC4NOoG/ZxU3EvlMPQ==

immutable@^5.1.5:
  version "5.1.5"
  resolved "https://registry.yarnpkg.com/immutable/-/immutable-5.1.5.tgz#93ee4db5c2a9ab42a4a783069f3c5d8847d40165"
  integrity sha512-t7xcm2siw+hlUM68I+UEOK+z84RzmN59as9DZ7P1l0994DKUWV7UXBMQZVxaoMSRQ+PBZbHCOoBt7a2wxOMt+A==

is-extglob@^2.1.1:
  version "2.1.1"
  resolved "https://registry.yarnpkg.com/is-extglob/-/is-extglob-2.1.1.tgz#a88c02535791f02ed37c76a1b9ea9773c833f8c2"
  integrity sha512-SbKbANkN603Vi4jEZv49LeVJMn4yGwsbzZworEoyEiutsN3nJYdbO36zfhGJ6QEDpOZIFkDtnq5JRxmvl3jsoQ==

is-glob@^4.0.3:
  version "4.0.3"
  resolved "https://registry.yarnpkg.com/is-glob/-/is-glob-4.0.3.tgz#64f61e42cbbb2eec2071a9dac0b28ba1e65d5084"
  integrity sha512-xelSayHH36ZgE7ZWhli7pW34hNbNl8Ojv5KVmkJD4hBdD3th8Tfk9vYasLM+mXWOZhFkgZfxhLSnrwRr4elSSg==
  dependencies:
    is-extglob "^2.1.1"

lightningcss-android-arm64@1.32.0:
  version "1.32.0"
  resolved "https://registry.yarnpkg.com/lightningcss-android-arm64/-/lightningcss-android-arm64-1.32.0.tgz#f033885116dfefd9c6f54787523e3514b61e1968"
  integrity sha512-YK7/ClTt4kAK0vo6w3X+Pnm0D2cf2vPHbhOXdoNti1Ga0al1P4TBZhwjATvjNwLEBCnKvjJc2jQgHXH0NEwlAg==

lightningcss-darwin-arm64@1.32.0:
  version "1.32.0"
  resolved "https://registry.yarnpkg.com/lightningcss-darwin-arm64/-/lightningcss-darwin-arm64-1.32.0.tgz#50b71871b01c8199584b649e292547faea7af9b5"
  integrity sha512-RzeG9Ju5bag2Bv1/lwlVJvBE3q6TtXskdZLLCyfg5pt+HLz9BqlICO7LZM7VHNTTn/5PRhHFBSjk5lc4cmscPQ==

lightningcss-darwin-x64@1.32.0:
  version "1.32.0"
  resolved "https://registry.yarnpkg.com/lightningcss-darwin-x64/-/lightningcss-darwin-x64-1.32.0.tgz#35f3e97332d130b9ca181e11b568ded6aebc6d5e"
  integrity sha512-U+QsBp2m/s2wqpUYT/6wnlagdZbtZdndSmut/NJqlCcMLTWp5muCrID+K5UJ6jqD2BFshejCYXniPDbNh73V8w==

lightningcss-freebsd-x64@1.32.0:
  version "1.32.0"
  resolved "https://registry.yarnpkg.com/lightningcss-freebsd-x64/-/lightningcss-freebsd-x64-1.32.0.tgz#9777a76472b64ed6ff94342ad64c7bafd794a575"
  integrity sha512-JCTigedEksZk3tHTTthnMdVfGf61Fky8Ji2E4YjUTEQX14xiy/lTzXnu1vwiZe3bYe0q+SpsSH/CTeDXK6WHig==

lightningcss-linux-arm-gnueabihf@1.32.0:
  version "1.32.0"
  resolved "https://registry.yarnpkg.com/lightningcss-linux-arm-gnueabihf/-/lightningcss-linux-arm-gnueabihf-1.32.0.tgz#13ae652e1ab73b9135d7b7da172f666c410ad53d"
  integrity sha512-x6rnnpRa2GL0zQOkt6rts3YDPzduLpWvwAF6EMhXFVZXD4tPrBkEFqzGowzCsIWsPjqSK+tyNEODUBXeeVHSkw==

lightningcss-linux-arm64-gnu@1.32.0:
  version "1.32.0"
  resolved "https://registry.yarnpkg.com/lightningcss-linux-arm64-gnu/-/lightningcss-linux-arm64-gnu-1.32.0.tgz#417858795a94592f680123a1b1f9da8a0e1ef335"
  integrity sha512-0nnMyoyOLRJXfbMOilaSRcLH3Jw5z9HDNGfT/gwCPgaDjnx0i8w7vBzFLFR1f6CMLKF8gVbebmkUN3fa/kQJpQ==

lightningcss-linux-arm64-musl@1.32.0:
  version "1.32.0"
  resolved "https://registry.yarnpkg.com/lightningcss-linux-arm64-musl/-/lightningcss-linux-arm64-musl-1.32.0.tgz#6be36692e810b718040802fd809623cffe732133"
  integrity sha512-UpQkoenr4UJEzgVIYpI80lDFvRmPVg6oqboNHfoH4CQIfNA+HOrZ7Mo7KZP02dC6LjghPQJeBsvXhJod/wnIBg==

lightningcss-linux-x64-gnu@1.32.0:
  version "1.32.0"
  resolved "https://registry.yarnpkg.com/lightningcss-linux-x64-gnu/-/lightningcss-linux-x64-gnu-1.32.0.tgz#0b7803af4eb21cfd38dd39fe2abbb53c7dd091f6"
  integrity sha512-V7Qr52IhZmdKPVr+Vtw8o+WLsQJYCTd8loIfpDaMRWGUZfBOYEJeyJIkqGIDMZPwPx24pUMfwSxxI8phr/MbOA==

lightningcss-linux-x64-musl@1.32.0:
  version "1.32.0"
  resolved "https://registry.yarnpkg.com/lightningcss-linux-x64-musl/-/lightningcss-linux-x64-musl-1.32.0.tgz#88dc8ba865ddddb1ac5ef04b0f161804418c163b"
  integrity sha512-bYcLp+Vb0awsiXg/80uCRezCYHNg1/l3mt0gzHnWV9XP1W5sKa5/TCdGWaR/zBM2PeF/HbsQv/j2URNOiVuxWg==

lightningcss-win32-arm64-msvc@1.32.0:
  version "1.32.0"
  resolved "https://registry.yarnpkg.com/lightningcss-win32-arm64-msvc/-/lightningcss-win32-arm64-msvc-1.32.0.tgz#4f30ba3fa5e925f5b79f945e8cc0d176c3b1ab38"
  integrity sha512-8SbC8BR40pS6baCM8sbtYDSwEVQd4JlFTOlaD3gWGHfThTcABnNDBda6eTZeqbofalIJhFx0qKzgHJmcPTnGdw==

lightningcss-win32-x64-msvc@1.32.0:
  version "1.32.0"
  resolved "https://registry.yarnpkg.com/lightningcss-win32-x64-msvc/-/lightningcss-win32-x64-msvc-1.32.0.tgz#141aa5605645064928902bb4af045fa7d9f4220a"
  integrity sha512-Amq9B/SoZYdDi1kFrojnoqPLxYhQ4Wo5XiL8EVJrVsB8ARoC1PWW6VGtT0WKCemjy8aC+louJnjS7U18x3b06Q==

lightningcss@^1.32.0:
  version "1.32.0"
  resolved "https://registry.yarnpkg.com/lightningcss/-/lightningcss-1.32.0.tgz#b85aae96486dcb1bf49a7c8571221273f4f1e4a9"
  integrity sha512-NXYBzinNrblfraPGyrbPoD19C1h9lfI/1mzgWYvXUTe414Gz/X1FD2XBZSZM7rRTrMA8JL3OtAaGifrIKhQ5yQ==
  dependencies:
    detect-libc "^2.0.3"
  optionalDependencies:
    lightningcss-android-arm64 "1.32.0"
    lightningcss-darwin-arm64 "1.32.0"
    lightningcss-darwin-x64 "1.32.0"
    lightningcss-freebsd-x64 "1.32.0"
    lightningcss-linux-arm-gnueabihf "1.32.0"
    lightningcss-linux-arm64-gnu "1.32.0"
    lightningcss-linux-arm64-musl "1.32.0"
    lightningcss-linux-x64-gnu "1.32.0"
    lightningcss-linux-x64-musl "1.32.0"
    lightningcss-win32-arm64-msvc "1.32.0"
    lightningcss-win32-x64-msvc "1.32.0"

nanoid@^3.3.12:
  version "3.3.12"
  resolved "https://registry.yarnpkg.com/nanoid/-/nanoid-3.3.12.tgz#ab3d912e217a6d0a514f00a72a16543a28982c05"
  integrity sha512-ZB9RH/39qpq5Vu6Y+NmUaFhQR6pp+M2Xt76XBnEwDaGcVAqhlvxrl3B2bKS5D3NH3QR76v3aSrKaF/Kiy7lEtQ==

node-addon-api@^7.0.0:
  version "7.1.1"
  resolved "https://registry.yarnpkg.com/node-addon-api/-/node-addon-api-7.1.1.tgz#1aba6693b0f255258a049d621329329322aad558"
  integrity sha512-5m3bsyrjFWE1xf7nz7YXdN4udnVtXK6/Yfgn5qnahL6bCkf2yKt4k3nuTKAtT4r3IG8JNR2ncsIMdZuAzJjHQQ==

obug@^2.0:
  version "2.1.1"
  resolved "https://registry.yarnpkg.com/obug/-/obug-2.1.1.tgz#2cba74ff241beb77d63055ddf4cd1e9f90b538be"
  integrity sha512-uTqF9MuPraAQ+IsnPf366RG4cP9RtUi7MLO1N3KEc+wb0a6yKpeL0lmk2IB1jY5KHPAlTc6T/JRdC/YqxHNwkQ==

picocolors@^1.1.1:
  version "1.1.1"
  resolved "https://registry.yarnpkg.com/picocolors/-/picocolors-1.1.1.tgz#3d321af3eab939b083c8f929a1d12cda81c26b6b"
  integrity sha512-xceH2snhtb5M9liqDsmEw56le376mTZkEX/jEb/RxNFyegNul7eNslCXP9FDj/Lcu0X8KEyMceP2ntpaHrDEVA==

picomatch@^4.0.3, picomatch@^4.0.4:
  version "4.0.4"
  resolved "https://registry.yarnpkg.com/picomatch/-/picomatch-4.0.4.tgz#fd6f5e00a143086e074dffe4c924b8fb293b0589"
  integrity sha512-QP88BAKvMam/3NxH6vj2o21R6MjxZUAd6nlwAS/pnGvN9IVLocLHxGYIzFhg6fUQ+5th6P4dv4eW9jX3DSIj7A==

postcss@^8.5.15:
  version "8.5.15"
  resolved "https://registry.yarnpkg.com/postcss/-/postcss-8.5.15.tgz#d1eaf677a324e9ec02196da2d3fecf4a0b9a735c"
  integrity sha512-FfR8sjd4em2T6fb3I2MwAJU7HWVMr9zba+enmQeeWFfCbm+UOC/0X4DS8XtpUTMwWMGbjKYP7xjfNekzyGmB3A==
  dependencies:
    nanoid "^3.3.12"
    picocolors "^1.1.1"
    source-map-js "^1.2.1"

readdirp@^5.0.0:
  version "5.0.0"
  resolved "https://registry.yarnpkg.com/readdirp/-/readdirp-5.0.0.tgz#fbf1f71a727891d685bb1786f9ba74084f6e2f91"
  integrity sha512-9u/XQ1pvrQtYyMpZe7DXKv2p5CNvyVwzUB6uhLAnQwHMSgKMBR62lc7AHljaeteeHXn11XTAaLLUVZYVZyuRBQ==

rolldown@1.0.2:
  version "1.0.2"
  resolved "https://registry.yarnpkg.com/rolldown/-/rolldown-1.0.2.tgz#ea2c786c5f063d08fd22b49e51997f15ec532bbd"
  integrity sha512-oZx5zVDtVB44AW3eaifgDml1gWRDZGvjcfdxonE4swNPG98PrrXjaO/KrnUjzlMnztCCRVlUueA1kCXhARGk6g==
  dependencies:
    "@oxc-project/types" "=0.132.0"
    "@rolldown/pluginutils" "^1.0.0"
  optionalDependencies:
    "@rolldown/binding-android-arm64" "1.0.2"
    "@rolldown/binding-darwin-arm64" "1.0.2"
    "@rolldown/binding-darwin-x64" "1.0.2"
    "@rolldown/binding-freebsd-x64" "1.0.2"
    "@rolldown/binding-linux-arm-gnueabihf" "1.0.2"
    "@rolldown/binding-linux-arm64-gnu" "1.0.2"
    "@rolldown/binding-linux-arm64-musl" "1.0.2"
    "@rolldown/binding-linux-ppc64-gnu" "1.0.2"
    "@rolldown/binding-linux-s390x-gnu" "1.0.2"
    "@rolldown/binding-linux-x64-gnu" "1.0.2"
    "@rolldown/binding-linux-x64-musl" "1.0.2"
    "@rolldown/binding-openharmony-arm64" "1.0.2"
    "@rolldown/binding-wasm32-wasi" "1.0.2"
    "@rolldown/binding-win32-arm64-msvc" "1.0.2"
    "@rolldown/binding-win32-x64-msvc" "1.0.2"

rxjs@^7.4.0:
  version "7.8.2"
  resolved "https://registry.yarnpkg.com/rxjs/-/rxjs-7.8.2.tgz#955bc473ed8af11a002a2be52071bf475638607b"
  integrity sha512-dhKf903U/PQZY6boNNtAGdWbG85WAbjT/1xYoZIC7FAY0yWapOBQVsVrDl58W86//e1VpMNBtRV4MaXfdMySFA==
  dependencies:
    tslib "^2.1.0"

sass-embedded-all-unknown@1.100.0:
  version "1.100.0"
  resolved "https://registry.yarnpkg.com/sass-embedded-all-unknown/-/sass-embedded-all-unknown-1.100.0.tgz#efee7111ec5e2d6c34a2f57d090e6416c01890ff"
  integrity sha512-auFtXY/kwYILmSVjtBDwyj0axcLbYYiffOKWoaXHnI5bsYwiRbBh3EneR1rpbX2ZIZCrwX93i5pxKLTZF/662Q==
  dependencies:
    sass "1.100.0"

sass-embedded-android-arm64@1.100.0:
  version "1.100.0"
  resolved "https://registry.yarnpkg.com/sass-embedded-android-arm64/-/sass-embedded-android-arm64-1.100.0.tgz#0a4456a751f76a378ac9f3516a034f56eca9b171"
  integrity sha512-W+Ru9JwTnfU0UX3jSZcbqFdtKFMcYdfFwytc57h2DgnqCOIiAqI2E06mABZBZC+r3LwXCBuS5GbXAGeVgvVDkA==

sass-embedded-android-arm@1.100.0:
  version "1.100.0"
  resolved "https://registry.yarnpkg.com/sass-embedded-android-arm/-/sass-embedded-android-arm-1.100.0.tgz#7de61d65cfa997c58df426a8b20a096a60497313"
  integrity sha512-70f3HgX2pFNmzpGQ86n5e6QfWn2fP4QUQGfFQK0P1XH73ZLIzLo2YqygrGKGKeeqtc5eU2Wl1/xQzhzuKnO4kw==

sass-embedded-android-riscv64@1.100.0:
  version "1.100.0"
  resolved "https://registry.yarnpkg.com/sass-embedded-android-riscv64/-/sass-embedded-android-riscv64-1.100.0.tgz#cc6721c1526ef5b10d9da02f1e44e7dbaffc11e0"
  integrity sha512-icU3o0V/uCSytSpf+tX5Lf51BvyQEbLzDUJfUi9etSauYBGHpPKkdtdZH0si4v98phq11Kl8rSV1SggksxF1Hg==

sass-embedded-android-x64@1.100.0:
  version "1.100.0"
  resolved "https://registry.yarnpkg.com/sass-embedded-android-x64/-/sass-embedded-android-x64-1.100.0.tgz#dc38f6c633f8bf61b470ac00452ebb50e36f421f"
  integrity sha512-mevF9VQk6gEYByy8+jusaHGmd7Usb2ytX/DsEOd0JtOGCtcf1kh575xJ6OUBDIcJ15uLnbau/0iy1eP6WVBvWA==

sass-embedded-darwin-arm64@1.100.0:
  version "1.100.0"
  resolved "https://registry.yarnpkg.com/sass-embedded-darwin-arm64/-/sass-embedded-darwin-arm64-1.100.0.tgz#7773c0586e78caab599d53370626c28ca08110eb"
  integrity sha512-1PVlYi61POo93IT/FfrG1mc1tAHxeSTyUALF2aOFmXGWjVXr3bQzEQiBGCOvQbj/ix+5hNyXFXcEMEyKvtUJJA==

sass-embedded-darwin-x64@1.100.0:
  version "1.100.0"
  resolved "https://registry.yarnpkg.com/sass-embedded-darwin-x64/-/sass-embedded-darwin-x64-1.100.0.tgz#91066f64875b87eba0cb699ba8254b4863d33901"
  integrity sha512-x97o3JnGyImZNCIVs9wQHJUE5QCvmVIKaH1cwrz/5dK7OT1FpeNiW+u9TUomP9hG6Ekjd8EL8NBHpxTfIhdjmg==

sass-embedded-linux-arm64@1.100.0:
  version "1.100.0"
  resolved "https://registry.yarnpkg.com/sass-embedded-linux-arm64/-/sass-embedded-linux-arm64-1.100.0.tgz#88d2f51a0882f399c327a1d6cd06757d13de4f82"
  integrity sha512-Dwjmj8Z6VRy7rAi53JAdEwIyUjpfl7PhpSc2/LpQPQx+aO5Dp7Spaipkax0ufJl1SoDUdchCsM4y/88YaluorQ==

sass-embedded-linux-arm@1.100.0:
  version "1.100.0"
  resolved "https://registry.yarnpkg.com/sass-embedded-linux-arm/-/sass-embedded-linux-arm-1.100.0.tgz#9721dca177348c1448847ceee1d031a692df0771"
  integrity sha512-9Ul7O1eKrc5YlhwWjkp8tZPSe3UEwSZ1uwUZOQom1HL0pRlBA6F/IlGZYFTLwnHMIP1fc77MMNaBRfc05mKMpw==

sass-embedded-linux-musl-arm64@1.100.0:
  version "1.100.0"
  resolved "https://registry.yarnpkg.com/sass-embedded-linux-musl-arm64/-/sass-embedded-linux-musl-arm64-1.100.0.tgz#63a1e0618a2a3acf10bab915585c4dc495327581"
  integrity sha512-XpACJB2KjSLjf2e9uuvGVdOURsoNrFqgRiihhXyUHK9W0t3LIHb7z5MA/7XGPIT9bWSOO2zyw+rH/FHtDV/Yrg==

sass-embedded-linux-musl-arm@1.100.0:
  version "1.100.0"
  resolved "https://registry.yarnpkg.com/sass-embedded-linux-musl-arm/-/sass-embedded-linux-musl-arm-1.100.0.tgz#44f9472ae663411de82b7792a918e162c7bcbc02"
  integrity sha512-sl0JgbGloPyJg66XXx5UDSDScZ0oU85DpMQU4JU/sCUCFj1Z8zZ69SJWKTCNE4/jwnce7WI2zPCV5AG+RHOZJw==

sass-embedded-linux-musl-riscv64@1.100.0:
  version "1.100.0"
  resolved "https://registry.yarnpkg.com/sass-embedded-linux-musl-riscv64/-/sass-embedded-linux-musl-riscv64-1.100.0.tgz#21954e480cfb55d4ba8167626cde1cc8560d7eee"
  integrity sha512-ShvI0Kx04mwoCARwZ0UjiT97isQvzO80tAt91zmFyHLN9kelc/IrQi940farSm2xQVPCKdeVyeG0ekBsokSpYQ==

sass-embedded-linux-musl-x64@1.100.0:
  version "1.100.0"
  resolved "https://registry.yarnpkg.com/sass-embedded-linux-musl-x64/-/sass-embedded-linux-musl-x64-1.100.0.tgz#a6c93d51999a8b22795d383b67e61962d32c96cd"
  integrity sha512-TDBCRWNuS4RDLQXvRc1gjZlWiWTWaWGp0Bwu/IKwJxov81lsvrCs3TihTyNXtW7V5aoN4Ky3r0QOkNb3mwmBnA==

sass-embedded-linux-riscv64@1.100.0:
  version "1.100.0"
  resolved "https://registry.yarnpkg.com/sass-embedded-linux-riscv64/-/sass-embedded-linux-riscv64-1.100.0.tgz#01f20471a1be16d18e150993e5ac771d618abd34"
  integrity sha512-j4ENJGOheO+fm3j/yorLxCjBP6/XskrZx7dTLlT+lXYwN/qqCqoA/gsNLI0McS3DFM6GBwPiffzWsdWS8t6sEQ==

sass-embedded-linux-x64@1.100.0:
  version "1.100.0"
  resolved "https://registry.yarnpkg.com/sass-embedded-linux-x64/-/sass-embedded-linux-x64-1.100.0.tgz#809649a0df17f7afb1dfd02e76dbf0676dd8471e"
  integrity sha512-0vUSN8j0WGtCJIOPh//EmUvYGHW0QOe5iul8qyhPk50MAcw49MA0r34AhftjDdx94ILPF6vApFs0gwHPQRlpVA==

sass-embedded-unknown-all@1.100.0:
  version "1.100.0"
  resolved "https://registry.yarnpkg.com/sass-embedded-unknown-all/-/sass-embedded-unknown-all-1.100.0.tgz#fdc210a25a06e9d79655a02c1c77d656fa6f2ca0"
  integrity sha512-c+naBgWId4MIpToXcI0DgqetjdAkwTTAxFAuOaBz7HUXLdyG1oZRrEvSsbe41nEdQOKH0vgofVFCeSQgoXOG9A==
  dependencies:
    sass "1.100.0"

sass-embedded-win32-arm64@1.100.0:
  version "1.100.0"
  resolved "https://registry.yarnpkg.com/sass-embedded-win32-arm64/-/sass-embedded-win32-arm64-1.100.0.tgz#fd8cec45b41390c3db40d13c4d291be7f35b6b0b"
  integrity sha512-iE+yxj+hUXwwbqpHkXxgAWTzeRfcWxJ7SSTQEPMk48lwq3oCrWLlz5sQuWHbuTK/i0GKQfROdP+hOmPi89yjUg==

sass-embedded-win32-x64@1.100.0:
  version "1.100.0"
  resolved "https://registry.yarnpkg.com/sass-embedded-win32-x64/-/sass-embedded-win32-x64-1.100.0.tgz#a758862b1455d6616be301b363e7e1c93e6361b7"
  integrity sha512-qI4F8MI7/KYoy9NdjJfhSspG42WPkADSNDvwEV7qWvCSFC83koJssRsKO2/PfY+niZz6BG65Ic/D+A11h959hw==

sass-embedded@^1.97.3:
  version "1.100.0"
  resolved "https://registry.yarnpkg.com/sass-embedded/-/sass-embedded-1.100.0.tgz#fe4742f2f80c21b287e3b90399b9a3f7ca1dcf6f"
  integrity sha512-Ut8wlQSk19tm7jMK6mz6cF1+e+E7tUnW2tM02zQDPnOTcVbV8qCQG8UWxZkkNlY50+hV3hqP24OOkUlMz8xBpw==
  dependencies:
    "@bufbuild/protobuf" "^2.5.0"
    colorjs.io "^0.5.0"
    immutable "^5.1.5"
    rxjs "^7.4.0"
    supports-color "^8.1.1"
    sync-child-process "^1.0.2"
    varint "^6.0.0"
  optionalDependencies:
    sass-embedded-all-unknown "1.100.0"
    sass-embedded-android-arm "1.100.0"
    sass-embedded-android-arm64 "1.100.0"
    sass-embedded-android-riscv64 "1.100.0"
    sass-embedded-android-x64 "1.100.0"
    sass-embedded-darwin-arm64 "1.100.0"
    sass-embedded-darwin-x64 "1.100.0"
    sass-embedded-linux-arm "1.100.0"
    sass-embedded-linux-arm64 "1.100.0"
    sass-embedded-linux-musl-arm "1.100.0"
    sass-embedded-linux-musl-arm64 "1.100.0"
    sass-embedded-linux-musl-riscv64 "1.100.0"
    sass-embedded-linux-musl-x64 "1.100.0"
    sass-embedded-linux-riscv64 "1.100.0"
    sass-embedded-linux-x64 "1.100.0"
    sass-embedded-unknown-all "1.100.0"
    sass-embedded-win32-arm64 "1.100.0"
    sass-embedded-win32-x64 "1.100.0"

sass@1.100.0:
  version "1.100.0"
  resolved "https://registry.yarnpkg.com/sass/-/sass-1.100.0.tgz#b4cab1bed286fe22ac6c879c514f71cd36aa06c8"
  integrity sha512-B5j0rYMlinhhOo9tjQebMVVn0TfyXAF+wB3b2ggZUuJ/is/Y+7+JGjirAMxHZ9Z3hIP98NPfamlAkBHa1lAaXQ==
  dependencies:
    chokidar "^5.0.0"
    immutable "^5.1.5"
    source-map-js ">=0.6.2 <2.0.0"
  optionalDependencies:
    "@parcel/watcher" "^2.4.1"

"source-map-js@>=0.6.2 <2.0.0", source-map-js@^1.2.1:
  version "1.2.1"
  resolved "https://registry.yarnpkg.com/source-map-js/-/source-map-js-1.2.1.tgz#1ce5650fddd87abc099eda37dcff024c2667ae46"
  integrity sha512-UXWMKhLOwVKb728IUtQPXxfYU+usdybtUrK/8uGE8CQMvrhOpwvzDBwj0QhSL7MQc7vIsISBG8VQ8+IDQxpfQA==

supports-color@^8.1.1:
  version "8.1.1"
  resolved "https://registry.yarnpkg.com/supports-color/-/supports-color-8.1.1.tgz#cd6fc17e28500cff56c1b86c0a7fd4a54a73005c"
  integrity sha512-MpUEN2OodtUzxvKQl72cUF7RQ5EiHsGvSsVG0ia9c5RbWGL2CI4C7EpPS8UTBIplnlzZiNuV56w+FuNxy3ty2Q==
  dependencies:
    has-flag "^4.0.0"

sync-child-process@^1.0.2:
  version "1.0.2"
  resolved "https://registry.yarnpkg.com/sync-child-process/-/sync-child-process-1.0.2.tgz#45e7c72e756d1243e80b547ea2e17957ab9e367f"
  integrity sha512-8lD+t2KrrScJ/7KXCSyfhT3/hRq78rC0wBFqNJXv3mZyn6hW2ypM05JmlSvtqRbeq6jqA94oHbxAr2vYsJ8vDA==
  dependencies:
    sync-message-port "^1.0.0"

sync-message-port@^1.0.0:
  version "1.2.0"
  resolved "https://registry.yarnpkg.com/sync-message-port/-/sync-message-port-1.2.0.tgz#4b0d622085f21496061037125dec61755d96e330"
  integrity sha512-gAQ9qrUN/UCypHtGFbbe7Rc/f9bzO88IwrG8TDo/aMKAApKyD6E3W4Cm0EfhfBb6Z6SKt59tTCTfD+n1xmAvMg==

tinyglobby@^0.2.12, tinyglobby@^0.2.16:
  version "0.2.16"
  resolved "https://registry.yarnpkg.com/tinyglobby/-/tinyglobby-0.2.16.tgz#1c3b7eb953fce42b226bc5a1ee06428281aff3d6"
  integrity sha512-pn99VhoACYR8nFHhxqix+uvsbXineAasWm5ojXoN8xEwK5Kd3/TrhNn1wByuD52UxWRLy8pu+kRMniEi6Eq9Zg==
  dependencies:
    fdir "^6.5.0"
    picomatch "^4.0.4"

tslib@^2.1.0, tslib@^2.4.0:
  version "2.8.1"
  resolved "https://registry.yarnpkg.com/tslib/-/tslib-2.8.1.tgz#612efe4ed235d567e8aba5f2a5fab70280ade83f"
  integrity sha512-oJFu94HQb+KVduSUQL7wnpmqnfmLsOA/nAh6b6EH0wCEoK0/mPeXU6c3wKDV83MkOuHPRHtSXKKU99IBazS/2w==

varint@^6.0.0:
  version "6.0.0"
  resolved "https://registry.yarnpkg.com/varint/-/varint-6.0.0.tgz#9881eb0ce8feaea6512439d19ddf84bf551661d0"
  integrity sha512-cXEIW6cfr15lFv563k4GuVuW/fiwjknytD37jIOLSdSWuOI6WnO/oKwmP2FQTU2l01LP8/M5TSAJpzUaGe3uWg==

vite-plugin-ruby@^5.2.0:
  version "5.2.2"
  resolved "https://registry.yarnpkg.com/vite-plugin-ruby/-/vite-plugin-ruby-5.2.2.tgz#3a92ba5d67ebb32f655eee4fb5c79b6995b1bb91"
  integrity sha512-q4UY9Bu0pngcbSmrsJBWbzz35Wzx4vAGMPaOIwZLo6TQ6I2n5/x0BL64GXmOxZ4SeDz+t+nDANKTBpp7CFF9AA==
  dependencies:
    obug "^2.0"
    tinyglobby "^0.2.12"

vite@^8.0.0:
  version "8.0.14"
  resolved "https://registry.yarnpkg.com/vite/-/vite-8.0.14.tgz#da5d8d1f63dbd106385cbe9c211acbc7a7a5b192"
  integrity sha512-s4BJJ+5y1pYL6Otw51FHhVJQhPnuRinKig64g/1+EUNaJsd3gCKdD31IPFvswUgW9/60QT9oFHbZHbQK5imcxw==
  dependencies:
    lightningcss "^1.32.0"
    picomatch "^4.0.4"
    postcss "^8.5.15"
    rolldown "1.0.2"
    tinyglobby "^0.2.16"
  optionalDependencies:
    fsevents "~2.3.3"
